
Microsoft Visual Studio Solution File, Format Version 12.00
# Visual Studio Version 17
VisualStudioVersion = 17.6.33815.320
MinimumVisualStudioVersion = 10.0.40219.1
Project("{9A19103F-16F7-4668-BE54-9A1E7A4F7556}") = "Ejercicio3Dia2", "Ejercicio3Dia2.csproj", "{A82FA2AC-078F-41E5-BC8A-F1E8270680E9}"
EndProject
Global
	GlobalSection(SolutionConfigurationPlatforms) = preSolution
		Debug|Any CPU = Debug|Any CPU
		Release|Any CPU = Release|Any CPU
	EndGlobalSection
	GlobalSection(ProjectConfigurationPlatforms) = postSolution
		{A82FA2AC-078F-41E5-BC8A-F1E8270680E9}.Debug|Any CPU.ActiveCfg = Debug|Any CPU
		{A82FA2AC-078F-41E5-BC8A-F1E8270680E9}.Debug|Any CPU.Build.0 = Debug|Any CPU
		{A82FA2AC-078F-41E5-BC8A-F1E8270680E9}.Release|Any CPU.ActiveCfg = Release|Any CPU
		{A82FA2AC-078F-41E5-BC8A-F1E8270680E9}.Release|Any CPU.Build.0 = Release|Any CPU
	EndGlobalSection
	GlobalSection(SolutionProperties) = preSolution
		HideSolutionNode = FALSE
	EndGlobalSection
	GlobalSection(ExtensibilityGlobals) = postSolution
		SolutionGuid = {DDC81330-2856-439D-9288-1CAE28DADDF9}
	EndGlobalSection
EndGlobal
