
Microsoft Visual Studio Solution File, Format Version 12.00
# Visual Studio Version 17
VisualStudioVersion = 17.6.33815.320
MinimumVisualStudioVersion = 10.0.40219.1
Project("{9A19103F-16F7-4668-BE54-9A1E7A4F7556}") = "Ejercicio1Dia2", "Ejercicio1Dia2.csproj", "{14DED3B6-F861-4232-BD7A-87AC377DD241}"
EndProject
Global
	GlobalSection(SolutionConfigurationPlatforms) = preSolution
		Debug|Any CPU = Debug|Any CPU
		Release|Any CPU = Release|Any CPU
	EndGlobalSection
	GlobalSection(ProjectConfigurationPlatforms) = postSolution
		{14DED3B6-F861-4232-BD7A-87AC377DD241}.Debug|Any CPU.ActiveCfg = Debug|Any CPU
		{14DED3B6-F861-4232-BD7A-87AC377DD241}.Debug|Any CPU.Build.0 = Debug|Any CPU
		{14DED3B6-F861-4232-BD7A-87AC377DD241}.Release|Any CPU.ActiveCfg = Release|Any CPU
		{14DED3B6-F861-4232-BD7A-87AC377DD241}.Release|Any CPU.Build.0 = Release|Any CPU
	EndGlobalSection
	GlobalSection(SolutionProperties) = preSolution
		HideSolutionNode = FALSE
	EndGlobalSection
	GlobalSection(ExtensibilityGlobals) = postSolution
		SolutionGuid = {2E4673E0-A968-4205-BD19-9FFF20F10E0B}
	EndGlobalSection
EndGlobal
